{
  "name": "aibaby",
  "version": "0.0.0",
  "lockfileVersion": 3,
  "requires": true,
  "packages": {
    "": {
      "name": "aibaby",
      "version": "0.0.0",
      "workspaces": [
        "apps/*",
        "packages/*"
      ]
    },
    "apps/mobile": {
      "name": "@aibaby/mobile",
      "version": "0.0.0"
    },
    "apps/web": {
      "name": "@aibaby/web",
      "version": "0.0.0"
    },
    "node_modules/@aibaby/ai": {
      "resolved": "packages/ai",
      "link": true
    },
    "node_modules/@aibaby/db": {
      "resolved": "packages/db",
      "link": true
    },
    "node_modules/@aibaby/mobile": {
      "resolved": "apps/mobile",
      "link": true
    },
    "node_modules/@aibaby/ui": {
      "resolved": "packages/ui",
      "link": true
    },
    "node_modules/@aibaby/web": {
      "resolved": "apps/web",
      "link": true
    },
    "node_modules/zod": {
      "version": "3.25.76",
      "resolved": "https://registry.npmjs.org/zod/-/zod-3.25.76.tgz",
      "integrity": "sha512-gzUt/qt81nXsFGKIFcC3YnfEAx5NkunCfnDlvuBSSFS02bcXu4Lmea0AFIUwbLWxWPx3d9p8S5QoaujKcNQxcQ==",
      "license": "MIT",
      "funding": {
        "url": "https://github.com/sponsors/colinhacks"
      }
    },
    "packages/ai": {
      "name": "@aibaby/ai",
      "version": "0.0.0"
    },
    "packages/db": {
      "name": "@aibaby/db",
      "version": "0.0.0",
      "dependencies": {
        "zod": "^3.24.2"
      }
    },
    "packages/ui": {
      "name": "@aibaby/ui",
      "version": "0.0.0"
    }
  }
}
